
Microsoft Visual Studio Solution File, Format Version 12.00
# Visual Studio Version 17
VisualStudioVersion = 17.1.32407.343
MinimumVisualStudioVersion = 10.0.40219.1
Project("{8BC9CEB8-8B4A-11D0-8D11-00A0C91BC942}") = "normal", "normal\normal.vcxproj", "{F60E775B-A33C-439E-8EF9-E4B4FC4EFC10}"
EndProject
Global
	GlobalSection(SolutionConfigurationPlatforms) = preSolution
		Debug|x64 = Debug|x64
		Debug|x86 = Debug|x86
		Release|x64 = Release|x64
		Release|x86 = Release|x86
	EndGlobalSection
	GlobalSection(ProjectConfigurationPlatforms) = postSolution
		{F60E775B-A33C-439E-8EF9-E4B4FC4EFC10}.Debug|x64.ActiveCfg = Debug|x64
		{F60E775B-A33C-439E-8EF9-E4B4FC4EFC10}.Debug|x64.Build.0 = Debug|x64
		{F60E775B-A33C-439E-8EF9-E4B4FC4EFC10}.Debug|x86.ActiveCfg = Debug|Win32
		{F60E775B-A33C-439E-8EF9-E4B4FC4EFC10}.Debug|x86.Build.0 = Debug|Win32
		{F60E775B-A33C-439E-8EF9-E4B4FC4EFC10}.Release|x64.ActiveCfg = Release|x64
		{F60E775B-A33C-439E-8EF9-E4B4FC4EFC10}.Release|x64.Build.0 = Release|x64
		{F60E775B-A33C-439E-8EF9-E4B4FC4EFC10}.Release|x86.ActiveCfg = Release|Win32
		{F60E775B-A33C-439E-8EF9-E4B4FC4EFC10}.Release|x86.Build.0 = Release|Win32
	EndGlobalSection
	GlobalSection(SolutionProperties) = preSolution
		HideSolutionNode = FALSE
	EndGlobalSection
	GlobalSection(ExtensibilityGlobals) = postSolution
		SolutionGuid = {47F32A63-E7CE-4092-BE63-3882989A8A9A}
	EndGlobalSection
EndGlobal
